PODS:
  - IQKeyboardManagerSwift (6.5.11)
  - SnapKit (5.6.0)

DEPENDENCIES:
  - IQKeyboardManagerSwift
  - SnapKit

SPEC REPOS:
  trunk:
    - IQKeyboardManagerSwift
    - SnapKit

SPEC CHECKSUMS:
  IQKeyboardManagerSwift: c7955c0bdbf7b2eb29bb7daaa44e3d90f55a9a85
  SnapKit: e01d52ebb8ddbc333eefe2132acf85c8227d9c25

PODFILE CHECKSUM: 7ce0cc0488292b780d162b999c8418881aa4c8ed

COCOAPODS: 1.12.1
